
Microsoft Visual Studio Solution File, Format Version 12.00
# Visual Studio 15
VisualStudioVersion = 15.0.26430.6
MinimumVisualStudioVersion = 10.0.40219.1
Project("{FAE04EC0-301F-11D3-BF4B-00C04F79EFBC}") = "RestApiAPp.Android", "RestApiAPp\RestApiAPp.Android\RestApiAPp.Android.csproj", "{03A62D49-A479-4208-8CDD-E767FD723886}"
EndProject
Project("{FAE04EC0-301F-11D3-BF4B-00C04F79EFBC}") = "RestApiAPp", "RestApiAPp\RestApiAPp\RestApiAPp.csproj", "{8BE5A84C-0C3A-4E76-A94B-4210C64CD7EA}"
EndProject
Project("{FAE04EC0-301F-11D3-BF4B-00C04F79EFBC}") = "RestApiAPp.iOS", "RestApiAPp\RestApiAPp.iOS\RestApiAPp.iOS.csproj", "{4AA459F7-9BC2-43D6-B0FB-73C4C27331AD}"
EndProject
Global
	GlobalSection(SolutionConfigurationPlatforms) = preSolution
		Ad-Hoc|Any CPU = Ad-Hoc|Any CPU
		Ad-Hoc|iPhone = Ad-Hoc|iPhone
		Ad-Hoc|iPhoneSimulator = Ad-Hoc|iPhoneSimulator
		AppStore|Any CPU = AppStore|Any CPU
		AppStore|iPhone = AppStore|iPhone
		AppStore|iPhoneSimulator = AppStore|iPhoneSimulator
		Debug|Any CPU = Debug|Any CPU
		Debug|iPhone = Debug|iPhone
		Debug|iPhoneSimulator = Debug|iPhoneSimulator
		Release|Any CPU = Release|Any CPU
		Release|iPhone = Release|iPhone
		Release|iPhoneSimulator = Release|iPhoneSimulator
	EndGlobalSection
	GlobalSection(ProjectConfigurationPlatforms) = postSolution
		{03A62D49-A479-4208-8CDD-E767FD723886}.Ad-Hoc|Any CPU.ActiveCfg = Release|Any CPU
		{03A62D49-A479-4208-8CDD-E767FD723886}.Ad-Hoc|Any CPU.Build.0 = Release|Any CPU
		{03A62D49-A479-4208-8CDD-E767FD723886}.Ad-Hoc|Any CPU.Deploy.0 = Release|Any CPU
		{03A62D49-A479-4208-8CDD-E767FD723886}.Ad-Hoc|iPhone.ActiveCfg = Release|Any CPU
		{03A62D49-A479-4208-8CDD-E767FD723886}.Ad-Hoc|iPhone.Build.0 = Release|Any CPU
		{03A62D49-A479-4208-8CDD-E767FD723886}.Ad-Hoc|iPhone.Deploy.0 = Release|Any CPU
		{03A62D49-A479-4208-8CDD-E767FD723886}.Ad-Hoc|iPhoneSimulator.ActiveCfg = Release|Any CPU
		{03A62D49-A479-4208-8CDD-E767FD723886}.Ad-Hoc|iPhoneSimulator.Build.0 = Release|Any CPU
		{03A62D49-A479-4208-8CDD-E767FD723886}.Ad-Hoc|iPhoneSimulator.Deploy.0 = Release|Any CPU
		{03A62D49-A479-4208-8CDD-E767FD723886}.AppStore|Any CPU.ActiveCfg = Release|Any CPU
		{03A62D49-A479-4208-8CDD-E767FD723886}.AppStore|Any CPU.Build.0 = Release|Any CPU
		{03A62D49-A479-4208-8CDD-E767FD723886}.AppStore|Any CPU.Deploy.0 = Release|Any CPU
		{03A62D49-A479-4208-8CDD-E767FD723886}.AppStore|iPhone.ActiveCfg = Release|Any CPU
		{03A62D49-A479-4208-8CDD-E767FD723886}.AppStore|iPhone.Build.0 = Release|Any CPU
		{03A62D49-A479-4208-8CDD-E767FD723886}.AppStore|iPhone.Deploy.0 = Release|Any CPU
		{03A62D49-A479-4208-8CDD-E767FD723886}.AppStore|iPhoneSimulator.ActiveCfg = Release|Any CPU
		{03A62D49-A479-4208-8CDD-E767FD723886}.AppStore|iPhoneSimulator.Build.0 = Release|Any CPU
		{03A62D49-A479-4208-8CDD-E767FD723886}.AppStore|iPhoneSimulator.Deploy.0 = Release|Any CPU
		{03A62D49-A479-4208-8CDD-E767FD723886}.Debug|Any CPU.ActiveCfg = Debug|Any CPU
		{03A62D49-A479-4208-8CDD-E767FD723886}.Debug|Any CPU.Build.0 = Debug|Any CPU
		{03A62D49-A479-4208-8CDD-E767FD723886}.Debug|Any CPU.Deploy.0 = Debug|Any CPU
		{03A62D49-A479-4208-8CDD-E767FD723886}.Debug|iPhone.ActiveCfg = Debug|Any CPU
		{03A62D49-A479-4208-8CDD-E767FD723886}.Debug|iPhone.Build.0 = Debug|Any CPU
		{03A62D49-A479-4208-8CDD-E767FD723886}.Debug|iPhone.Deploy.0 = Debug|Any CPU
		{03A62D49-A479-4208-8CDD-E767FD723886}.Debug|iPhoneSimulator.ActiveCfg = Debug|Any CPU
		{03A62D49-A479-4208-8CDD-E767FD723886}.Debug|iPhoneSimulator.Build.0 = Debug|Any CPU
		{03A62D49-A479-4208-8CDD-E767FD723886}.Debug|iPhoneSimulator.Deploy.0 = Debug|Any CPU
		{03A62D49-A479-4208-8CDD-E767FD723886}.Release|Any CPU.ActiveCfg = Release|Any CPU
		{03A62D49-A479-4208-8CDD-E767FD723886}.Release|Any CPU.Build.0 = Release|Any CPU
		{03A62D49-A479-4208-8CDD-E767FD723886}.Release|Any CPU.Deploy.0 = Release|Any CPU
		{03A62D49-A479-4208-8CDD-E767FD723886}.Release|iPhone.ActiveCfg = Release|Any CPU
		{03A62D49-A479-4208-8CDD-E767FD723886}.Release|iPhone.Build.0 = Release|Any CPU
		{03A62D49-A479-4208-8CDD-E767FD723886}.Release|iPhone.Deploy.0 = Release|Any CPU
		{03A62D49-A479-4208-8CDD-E767FD723886}.Release|iPhoneSimulator.ActiveCfg = Release|Any CPU
		{03A62D49-A479-4208-8CDD-E767FD723886}.Release|iPhoneSimulator.Build.0 = Release|Any CPU
		{03A62D49-A479-4208-8CDD-E767FD723886}.Release|iPhoneSimulator.Deploy.0 = Release|Any CPU
		{8BE5A84C-0C3A-4E76-A94B-4210C64CD7EA}.Ad-Hoc|Any CPU.ActiveCfg = Release|Any CPU
		{8BE5A84C-0C3A-4E76-A94B-4210C64CD7EA}.Ad-Hoc|Any CPU.Build.0 = Release|Any CPU
		{8BE5A84C-0C3A-4E76-A94B-4210C64CD7EA}.Ad-Hoc|iPhone.ActiveCfg = Release|Any CPU
		{8BE5A84C-0C3A-4E76-A94B-4210C64CD7EA}.Ad-Hoc|iPhone.Build.0 = Release|Any CPU
		{8BE5A84C-0C3A-4E76-A94B-4210C64CD7EA}.Ad-Hoc|iPhoneSimulator.ActiveCfg = Release|Any CPU
		{8BE5A84C-0C3A-4E76-A94B-4210C64CD7EA}.Ad-Hoc|iPhoneSimulator.Build.0 = Release|Any CPU
		{8BE5A84C-0C3A-4E76-A94B-4210C64CD7EA}.AppStore|Any CPU.ActiveCfg = Release|Any CPU
		{8BE5A84C-0C3A-4E76-A94B-4210C64CD7EA}.AppStore|Any CPU.Build.0 = Release|Any CPU
		{8BE5A84C-0C3A-4E76-A94B-4210C64CD7EA}.AppStore|iPhone.ActiveCfg = Release|Any CPU
		{8BE5A84C-0C3A-4E76-A94B-4210C64CD7EA}.AppStore|iPhone.Build.0 = Release|Any CPU
		{8BE5A84C-0C3A-4E76-A94B-4210C64CD7EA}.AppStore|iPhoneSimulator.ActiveCfg = Release|Any CPU
		{8BE5A84C-0C3A-4E76-A94B-4210C64CD7EA}.AppStore|iPhoneSimulator.Build.0 = Release|Any CPU
		{8BE5A84C-0C3A-4E76-A94B-4210C64CD7EA}.Debug|Any CPU.ActiveCfg = Debug|Any CPU
		{8BE5A84C-0C3A-4E76-A94B-4210C64CD7EA}.Debug|Any CPU.Build.0 = Debug|Any CPU
		{8BE5A84C-0C3A-4E76-A94B-4210C64CD7EA}.Debug|iPhone.ActiveCfg = Debug|Any CPU
		{8BE5A84C-0C3A-4E76-A94B-4210C64CD7EA}.Debug|iPhone.Build.0 = Debug|Any CPU
		{8BE5A84C-0C3A-4E76-A94B-4210C64CD7EA}.Debug|iPhoneSimulator.ActiveCfg = Debug|Any CPU
		{8BE5A84C-0C3A-4E76-A94B-4210C64CD7EA}.Debug|iPhoneSimulator.Build.0 = Debug|Any CPU
		{8BE5A84C-0C3A-4E76-A94B-4210C64CD7EA}.Release|Any CPU.ActiveCfg = Release|Any CPU
		{8BE5A84C-0C3A-4E76-A94B-4210C64CD7EA}.Release|Any CPU.Build.0 = Release|Any CPU
		{8BE5A84C-0C3A-4E76-A94B-4210C64CD7EA}.Release|iPhone.ActiveCfg = Release|Any CPU
		{8BE5A84C-0C3A-4E76-A94B-4210C64CD7EA}.Release|iPhone.Build.0 = Release|Any CPU
		{8BE5A84C-0C3A-4E76-A94B-4210C64CD7EA}.Release|iPhoneSimulator.ActiveCfg = Release|Any CPU
		{8BE5A84C-0C3A-4E76-A94B-4210C64CD7EA}.Release|iPhoneSimulator.Build.0 = Release|Any CPU
		{4AA459F7-9BC2-43D6-B0FB-73C4C27331AD}.Ad-Hoc|Any CPU.ActiveCfg = Ad-Hoc|iPhone
		{4AA459F7-9BC2-43D6-B0FB-73C4C27331AD}.Ad-Hoc|iPhone.ActiveCfg = Ad-Hoc|iPhone
		{4AA459F7-9BC2-43D6-B0FB-73C4C27331AD}.Ad-Hoc|iPhone.Build.0 = Ad-Hoc|iPhone
		{4AA459F7-9BC2-43D6-B0FB-73C4C27331AD}.Ad-Hoc|iPhoneSimulator.ActiveCfg = Ad-Hoc|iPhoneSimulator
		{4AA459F7-9BC2-43D6-B0FB-73C4C27331AD}.Ad-Hoc|iPhoneSimulator.Build.0 = Ad-Hoc|iPhoneSimulator
		{4AA459F7-9BC2-43D6-B0FB-73C4C27331AD}.AppStore|Any CPU.ActiveCfg = AppStore|iPhone
		{4AA459F7-9BC2-43D6-B0FB-73C4C27331AD}.AppStore|iPhone.ActiveCfg = AppStore|iPhone
		{4AA459F7-9BC2-43D6-B0FB-73C4C27331AD}.AppStore|iPhone.Build.0 = AppStore|iPhone
		{4AA459F7-9BC2-43D6-B0FB-73C4C27331AD}.AppStore|iPhoneSimulator.ActiveCfg = AppStore|iPhoneSimulator
		{4AA459F7-9BC2-43D6-B0FB-73C4C27331AD}.AppStore|iPhoneSimulator.Build.0 = AppStore|iPhoneSimulator
		{4AA459F7-9BC2-43D6-B0FB-73C4C27331AD}.Debug|Any CPU.ActiveCfg = Debug|iPhone
		{4AA459F7-9BC2-43D6-B0FB-73C4C27331AD}.Debug|iPhone.ActiveCfg = Debug|iPhone
		{4AA459F7-9BC2-43D6-B0FB-73C4C27331AD}.Debug|iPhone.Build.0 = Debug|iPhone
		{4AA459F7-9BC2-43D6-B0FB-73C4C27331AD}.Debug|iPhoneSimulator.ActiveCfg = Debug|iPhoneSimulator
		{4AA459F7-9BC2-43D6-B0FB-73C4C27331AD}.Debug|iPhoneSimulator.Build.0 = Debug|iPhoneSimulator
		{4AA459F7-9BC2-43D6-B0FB-73C4C27331AD}.Release|Any CPU.ActiveCfg = Release|iPhone
		{4AA459F7-9BC2-43D6-B0FB-73C4C27331AD}.Release|iPhone.ActiveCfg = Release|iPhone
		{4AA459F7-9BC2-43D6-B0FB-73C4C27331AD}.Release|iPhone.Build.0 = Release|iPhone
		{4AA459F7-9BC2-43D6-B0FB-73C4C27331AD}.Release|iPhoneSimulator.ActiveCfg = Release|iPhoneSimulator
		{4AA459F7-9BC2-43D6-B0FB-73C4C27331AD}.Release|iPhoneSimulator.Build.0 = Release|iPhoneSimulator
	EndGlobalSection
	GlobalSection(SolutionProperties) = preSolution
		HideSolutionNode = FALSE
	EndGlobalSection
EndGlobal
